Microsoft Visual Studio Solution File, Format Version 12.00
# Visual Studio Version 17
VisualStudioVersion = 17.5.2.0
MinimumVisualStudioVersion = 10.0.40219.1
Project("{FAE04EC0-301F-11D3-BF4B-00C04F79EFBC}") = "console_inventory_management_application", "console_inventory_management_application.csproj", "{D7750439-B5F7-F835-3012-A96CC0CA37BB}"
EndProject
Global
	GlobalSection(SolutionConfigurationPlatforms) = preSolution
		Debug|Any CPU = Debug|Any CPU
		Release|Any CPU = Release|Any CPU
	EndGlobalSection
	GlobalSection(ProjectConfigurationPlatforms) = postSolution
		{D7750439-B5F7-F835-3012-A96CC0CA37BB}.Debug|Any CPU.ActiveCfg = Debug|Any CPU
		{D7750439-B5F7-F835-3012-A96CC0CA37BB}.Debug|Any CPU.Build.0 = Debug|Any CPU
		{D7750439-B5F7-F835-3012-A96CC0CA37BB}.Release|Any CPU.ActiveCfg = Release|Any CPU
		{D7750439-B5F7-F835-3012-A96CC0CA37BB}.Release|Any CPU.Build.0 = Release|Any CPU
	EndGlobalSection
	GlobalSection(SolutionProperties) = preSolution
		HideSolutionNode = FALSE
	EndGlobalSection
	GlobalSection(ExtensibilityGlobals) = postSolution
		SolutionGuid = {CE17E4B5-91F7-4AFA-9EAB-E0FDA2C7EFF9}
	EndGlobalSection
EndGlobal
